{
  "nodes": {
    "nixpkgs": {
      "locked": {
        "lastModified": 1762161162,
        "narHash": "sha256-cQg8T4E6HxtvDqaflXF3HSVlcgs/I7qTs3q75+yusT4=",
        "owner": "nixos",
        "repo": "nixpkgs",
        "rev": "7266b8381ce1684abe116bcede8bacb540481cf5",
        "type": "github"
      },
      "original": {
        "owner": "nixos",
        "repo": "nixpkgs",
        "type": "github"
      }
    },
    "root": {
      "inputs": {
        "nixpkgs": "nixpkgs"
      }
    }
  },
  "root": "root",
  "version": 7
}
